
Microsoft Visual Studio Solution File, Format Version 12.00
# Visual Studio Version 16
VisualStudioVersion = 25.0.1704.2
MinimumVisualStudioVersion = 10.0.40219.1
Project("{FAE04EC0-301F-11D3-BF4B-00C04F79EFBC}") = "timer", "timer.csproj", "{9C6E4BBB-D272-4A12-BE0F-069B698274EF}"
EndProject
Global
	GlobalSection(SolutionConfigurationPlatforms) = preSolution
		Debug|Any CPU = Debug|Any CPU
		Release|Any CPU = Release|Any CPU
	EndGlobalSection
	GlobalSection(ProjectConfigurationPlatforms) = postSolution
		{9C6E4BBB-D272-4A12-BE0F-069B698274EF}.Debug|Any CPU.ActiveCfg = Debug|Any CPU
		{9C6E4BBB-D272-4A12-BE0F-069B698274EF}.Debug|Any CPU.Build.0 = Debug|Any CPU
		{9C6E4BBB-D272-4A12-BE0F-069B698274EF}.Release|Any CPU.ActiveCfg = Release|Any CPU
		{9C6E4BBB-D272-4A12-BE0F-069B698274EF}.Release|Any CPU.Build.0 = Release|Any CPU
	EndGlobalSection
	GlobalSection(SolutionProperties) = preSolution
		HideSolutionNode = FALSE
	EndGlobalSection
	GlobalSection(ExtensibilityGlobals) = postSolution
		SolutionGuid = {FBEDFB33-2EE7-4C5E-9D33-BD7BFCE06DFA}
	EndGlobalSection
EndGlobal
